# THIS IS AN AUTOGENERATED FILE. DO NOT EDIT THIS FILE DIRECTLY.
# yarn lockfile v1


"@babel/runtime@^7.20.7":
  "version" "7.21.0"
  dependencies:
    "regenerator-runtime" "^0.13.11"

"@eslint-community/eslint-utils@^4.2.0":
  "version" "4.4.0"
  dependencies:
    "eslint-visitor-keys" "^3.3.0"

"@eslint-community/regexpp@^4.4.0":
  "version" "4.5.0"

"@eslint/eslintrc@^2.0.2":
  "version" "2.0.2"
  dependencies:
    "ajv" "^6.12.4"
    "debug" "^4.3.2"
    "espree" "^9.5.1"
    "globals" "^13.19.0"
    "ignore" "^5.2.0"
    "import-fresh" "^3.2.1"
    "js-yaml" "^4.1.0"
    "minimatch" "^3.1.2"
    "strip-json-comments" "^3.1.1"

"@eslint/js@8.37.0":
  "version" "8.37.0"

"@humanwhocodes/config-array@^0.11.8":
  "version" "0.11.8"
  dependencies:
    "@humanwhocodes/object-schema" "^1.2.1"
    "debug" "^4.1.1"
    "minimatch" "^3.0.5"

"@humanwhocodes/module-importer@^1.0.1":
  "version" "1.0.1"

"@humanwhocodes/object-schema@^1.2.1":
  "version" "1.2.1"

"@next/env@13.2.4":
  "version" "13.2.4"

"@next/eslint-plugin-next@13.2.4":
  "version" "13.2.4"
  dependencies:
    "glob" "7.1.7"

"@next/swc-darwin-x64@13.2.4":
  "version" "13.2.4"

"@nodelib/fs.scandir@2.1.5":
  "version" "2.1.5"
  dependencies:
    "@nodelib/fs.stat" "2.0.5"
    "run-parallel" "^1.1.9"

"@nodelib/fs.stat@^2.0.2", "@nodelib/fs.stat@2.0.5":
  "version" "2.0.5"

"@nodelib/fs.walk@^1.2.3", "@nodelib/fs.walk@^1.2.8":
  "version" "1.2.8"
  dependencies:
    "@nodelib/fs.scandir" "2.1.5"
    "fastq" "^1.6.0"

"@pkgr/utils@^2.3.1":
  "version" "2.3.1"
  dependencies:
    "cross-spawn" "^7.0.3"
    "is-glob" "^4.0.3"
    "open" "^8.4.0"
    "picocolors" "^1.0.0"
    "tiny-glob" "^0.2.9"
    "tslib" "^2.4.0"

"@rushstack/eslint-patch@^1.1.3":
  "version" "1.2.0"

"@swc/helpers@0.4.14":
  "version" "0.4.14"
  dependencies:
    "tslib" "^2.4.0"

"@types/json5@^0.0.29":
  "version" "0.0.29"

"@types/node@18.15.11":
  "version" "18.15.11"

"@types/prop-types@*":
  "version" "15.7.5"

"@types/react-dom@18.0.11":
  "version" "18.0.11"
  dependencies:
    "@types/react" "*"

"@types/react@*", "@types/react@18.0.31":
  "version" "18.0.31"
  dependencies:
    "@types/prop-types" "*"
    "@types/scheduler" "*"
    "csstype" "^3.0.2"

"@types/scheduler@*":
  "version" "0.16.3"

"@typescript-eslint/parser@^5.42.0":
  "version" "5.57.0"
  dependencies:
    "@typescript-eslint/scope-manager" "5.57.0"
    "@typescript-eslint/types" "5.57.0"
    "@typescript-eslint/typescript-estree" "5.57.0"
    "debug" "^4.3.4"

"@typescript-eslint/scope-manager@5.57.0":
  "version" "5.57.0"
  dependencies:
    "@typescript-eslint/types" "5.57.0"
    "@typescript-eslint/visitor-keys" "5.57.0"

"@typescript-eslint/types@5.57.0":
  "version" "5.57.0"

"@typescript-eslint/typescript-estree@5.57.0":
  "version" "5.57.0"
  dependencies:
    "@typescript-eslint/types" "5.57.0"
    "@typescript-eslint/visitor-keys" "5.57.0"
    "debug" "^4.3.4"
    "globby" "^11.1.0"
    "is-glob" "^4.0.3"
    "semver" "^7.3.7"
    "tsutils" "^3.21.0"

"@typescript-eslint/visitor-keys@5.57.0":
  "version" "5.57.0"
  dependencies:
    "@typescript-eslint/types" "5.57.0"
    "eslint-visitor-keys" "^3.3.0"

"acorn-jsx@^5.3.2":
  "version" "5.3.2"

"acorn@^6.0.0 || ^7.0.0 || ^8.0.0", "acorn@^8.8.0":
  "version" "8.8.2"

"ajv@^6.10.0", "ajv@^6.12.4":
  "version" "6.12.6"
  dependencies:
    "fast-deep-equal" "^3.1.1"
    "fast-json-stable-stringify" "^2.0.0"
    "json-schema-traverse" "^0.4.1"
    "uri-js" "^4.2.2"

"ansi-regex@^5.0.1":
  "version" "5.0.1"

"ansi-styles@^4.1.0":
  "version" "4.3.0"
  dependencies:
    "color-convert" "^2.0.1"

"any-promise@^1.0.0":
  "integrity" "sha512-7UvmKalWRt1wgjL1RrGxoSJW/0QZFIegpeGvZG9kjp8vrRu55XTHbwnqq2GpXm9uLbcuhxm3IqX9OB4MZR1b2A=="
  "resolved" "https://registry.npmjs.org/any-promise/-/any-promise-1.3.0.tgz"
  "version" "1.3.0"

"anymatch@~3.1.2":
  "integrity" "sha512-KMReFUr0B4t+D+OBkjR3KYqvocp2XaSzO55UcB6mgQMd3KbcE+mWTyvVV7D/zsdEbNnV6acZUutkiHQXvTr1Rw=="
  "resolved" "https://registry.npmjs.org/anymatch/-/anymatch-3.1.3.tgz"
  "version" "3.1.3"
  dependencies:
    "normalize-path" "^3.0.0"
    "picomatch" "^2.0.4"

"arg@^5.0.2":
  "integrity" "sha512-PYjyFOLKQ9y57JvQ6QLo8dAgNqswh8M1RMJYdQduT6xbWSgK36P/Z/v+p888pM69jMMfS8Xd8F6I1kQ/I9HUGg=="
  "resolved" "https://registry.npmjs.org/arg/-/arg-5.0.2.tgz"
  "version" "5.0.2"

"argparse@^2.0.1":
  "version" "2.0.1"

"aria-query@^5.1.3":
  "version" "5.1.3"
  dependencies:
    "deep-equal" "^2.0.5"

"array-buffer-byte-length@^1.0.0":
  "version" "1.0.0"
  dependencies:
    "call-bind" "^1.0.2"
    "is-array-buffer" "^3.0.1"

"array-includes@^3.1.5", "array-includes@^3.1.6":
  "version" "3.1.6"
  dependencies:
    "call-bind" "^1.0.2"
    "define-properties" "^1.1.4"
    "es-abstract" "^1.20.4"
    "get-intrinsic" "^1.1.3"
    "is-string" "^1.0.7"

"array-union@^2.1.0":
  "version" "2.1.0"

"array.prototype.flat@^1.3.1":
  "version" "1.3.1"
  dependencies:
    "call-bind" "^1.0.2"
    "define-properties" "^1.1.4"
    "es-abstract" "^1.20.4"
    "es-shim-unscopables" "^1.0.0"

"array.prototype.flatmap@^1.3.1":
  "version" "1.3.1"
  dependencies:
    "call-bind" "^1.0.2"
    "define-properties" "^1.1.4"
    "es-abstract" "^1.20.4"
    "es-shim-unscopables" "^1.0.0"

"array.prototype.tosorted@^1.1.1":
  "version" "1.1.1"
  dependencies:
    "call-bind" "^1.0.2"
    "define-properties" "^1.1.4"
    "es-abstract" "^1.20.4"
    "es-shim-unscopables" "^1.0.0"
    "get-intrinsic" "^1.1.3"

"ast-types-flow@^0.0.7":
  "version" "0.0.7"

"autoprefixer@^10.4.14":
  "integrity" "sha512-FQzyfOsTlwVzjHxKEqRIAdJx9niO6VCBCoEwax/VLSoQF29ggECcPuBqUMZ+u8jCZOPSy8b8/8KnuFbp0SaFZQ=="
  "resolved" "https://registry.npmjs.org/autoprefixer/-/autoprefixer-10.4.14.tgz"
  "version" "10.4.14"
  dependencies:
    "browserslist" "^4.21.5"
    "caniuse-lite" "^1.0.30001464"
    "fraction.js" "^4.2.0"
    "normalize-range" "^0.1.2"
    "picocolors" "^1.0.0"
    "postcss-value-parser" "^4.2.0"

"available-typed-arrays@^1.0.5":
  "version" "1.0.5"

"axe-core@^4.6.2":
  "version" "4.6.3"

"axobject-query@^3.1.1":
  "version" "3.1.1"
  dependencies:
    "deep-equal" "^2.0.5"

"balanced-match@^1.0.0":
  "version" "1.0.2"

"binary-extensions@^2.0.0":
  "integrity" "sha512-jDctJ/IVQbZoJykoeHbhXpOlNBqGNcwXJKJog42E5HDPUwQTSdjCHdihjj0DlnheQ7blbT6dHOafNAiS8ooQKA=="
  "resolved" "https://registry.npmjs.org/binary-extensions/-/binary-extensions-2.2.0.tgz"
  "version" "2.2.0"

"brace-expansion@^1.1.7":
  "version" "1.1.11"
  dependencies:
    "balanced-match" "^1.0.0"
    "concat-map" "0.0.1"

"braces@^3.0.2", "braces@~3.0.2":
  "version" "3.0.2"
  dependencies:
    "fill-range" "^7.0.1"

"browserslist@^4.21.5", "browserslist@>= 4.21.0":
  "integrity" "sha512-tUkiguQGW7S3IhB7N+c2MV/HZPSCPAAiYBZXLsBhFB/PCy6ZKKsZrmBayHV9fdGV/ARIfJ14NkxKzRDjvp7L6w=="
  "resolved" "https://registry.npmjs.org/browserslist/-/browserslist-4.21.5.tgz"
  "version" "4.21.5"
  dependencies:
    "caniuse-lite" "^1.0.30001449"
    "electron-to-chromium" "^1.4.284"
    "node-releases" "^2.0.8"
    "update-browserslist-db" "^1.0.10"

"call-bind@^1.0.0", "call-bind@^1.0.2":
  "version" "1.0.2"
  dependencies:
    "function-bind" "^1.1.1"
    "get-intrinsic" "^1.0.2"

"callsites@^3.0.0":
  "version" "3.1.0"

"camelcase-css@^2.0.1":
  "integrity" "sha512-QOSvevhslijgYwRx6Rv7zKdMF8lbRmx+uQGx2+vDc+KI/eBnsy9kit5aj23AgGu3pa4t9AgwbnXWqS+iOY+2aA=="
  "resolved" "https://registry.npmjs.org/camelcase-css/-/camelcase-css-2.0.1.tgz"
  "version" "2.0.1"

"caniuse-lite@^1.0.30001406", "caniuse-lite@^1.0.30001449", "caniuse-lite@^1.0.30001464":
  "version" "1.0.30001473"

"chalk@^4.0.0":
  "version" "4.1.2"
  dependencies:
    "ansi-styles" "^4.1.0"
    "supports-color" "^7.1.0"

"chokidar@^3.5.3":
  "integrity" "sha512-Dr3sfKRP6oTcjf2JmUmFJfeVMvXBdegxB0iVQ5eb2V10uFJUCAS8OByZdVAyVb8xXNz3GjjTgj9kLWsZTqE6kw=="
  "resolved" "https://registry.npmjs.org/chokidar/-/chokidar-3.5.3.tgz"
  "version" "3.5.3"
  dependencies:
    "anymatch" "~3.1.2"
    "braces" "~3.0.2"
    "glob-parent" "~5.1.2"
    "is-binary-path" "~2.1.0"
    "is-glob" "~4.0.1"
    "normalize-path" "~3.0.0"
    "readdirp" "~3.6.0"
  optionalDependencies:
    "fsevents" "~2.3.2"

"client-only@0.0.1":
  "version" "0.0.1"

"color-convert@^2.0.1":
  "version" "2.0.1"
  dependencies:
    "color-name" "~1.1.4"

"color-name@^1.1.4", "color-name@~1.1.4":
  "version" "1.1.4"

"commander@^4.0.0":
  "integrity" "sha512-NOKm8xhkzAjzFx8B2v5OAHT+u5pRQc2UCa2Vq9jYL/31o2wi9mxBA7LIFs3sV5VSC49z6pEhfbMULvShKj26WA=="
  "resolved" "https://registry.npmjs.org/commander/-/commander-4.1.1.tgz"
  "version" "4.1.1"

"concat-map@0.0.1":
  "version" "0.0.1"

"cross-spawn@^7.0.2", "cross-spawn@^7.0.3":
  "version" "7.0.3"
  dependencies:
    "path-key" "^3.1.0"
    "shebang-command" "^2.0.0"
    "which" "^2.0.1"

"cssesc@^3.0.0":
  "integrity" "sha512-/Tb/JcjK111nNScGob5MNtsntNM1aCNUDipB/TkwZFhyDrrE47SOx/18wF2bbjgc3ZzCSKW1T5nt5EbFoAz/Vg=="
  "resolved" "https://registry.npmjs.org/cssesc/-/cssesc-3.0.0.tgz"
  "version" "3.0.0"

"csstype@^3.0.2":
  "version" "3.1.1"

"damerau-levenshtein@^1.0.8":
  "version" "1.0.8"

"debug@^3.2.7":
  "version" "3.2.7"
  dependencies:
    "ms" "^2.1.1"

"debug@^4.1.1", "debug@^4.3.2", "debug@^4.3.4":
  "version" "4.3.4"
  dependencies:
    "ms" "2.1.2"

"deep-equal@^2.0.5":
  "version" "2.2.0"
  dependencies:
    "call-bind" "^1.0.2"
    "es-get-iterator" "^1.1.2"
    "get-intrinsic" "^1.1.3"
    "is-arguments" "^1.1.1"
    "is-array-buffer" "^3.0.1"
    "is-date-object" "^1.0.5"
    "is-regex" "^1.1.4"
    "is-shared-array-buffer" "^1.0.2"
    "isarray" "^2.0.5"
    "object-is" "^1.1.5"
    "object-keys" "^1.1.1"
    "object.assign" "^4.1.4"
    "regexp.prototype.flags" "^1.4.3"
    "side-channel" "^1.0.4"
    "which-boxed-primitive" "^1.0.2"
    "which-collection" "^1.0.1"
    "which-typed-array" "^1.1.9"

"deep-is@^0.1.3":
  "version" "0.1.4"

"define-lazy-prop@^2.0.0":
  "version" "2.0.0"

"define-properties@^1.1.3", "define-properties@^1.1.4":
  "version" "1.2.0"
  dependencies:
    "has-property-descriptors" "^1.0.0"
    "object-keys" "^1.1.1"

"didyoumean@^1.2.2":
  "integrity" "sha512-gxtyfqMg7GKyhQmb056K7M3xszy/myH8w+B4RT+QXBQsvAOdc3XymqDDPHx1BgPgsdAA5SIifona89YtRATDzw=="
  "resolved" "https://registry.npmjs.org/didyoumean/-/didyoumean-1.2.2.tgz"
  "version" "1.2.2"

"dir-glob@^3.0.1":
  "version" "3.0.1"
  dependencies:
    "path-type" "^4.0.0"

"dlv@^1.1.3":
  "integrity" "sha512-+HlytyjlPKnIG8XuRG8WvmBP8xs8P71y+SKKS6ZXWoEgLuePxtDoUEiH7WkdePWrQ5JBpE6aoVqfZfJUQkjXwA=="
  "resolved" "https://registry.npmjs.org/dlv/-/dlv-1.1.3.tgz"
  "version" "1.1.3"

"doctrine@^2.1.0":
  "version" "2.1.0"
  dependencies:
    "esutils" "^2.0.2"

"doctrine@^3.0.0":
  "version" "3.0.0"
  dependencies:
    "esutils" "^2.0.2"

"electron-to-chromium@^1.4.284":
  "integrity" "sha512-LNi3+/9nV0vT6Bz1OsSoZ/w7IgNuWdefZ7mjKNjZxyRlI/ag6uMXxsxAy5Etvuixq3Q26exw2fc4bNYvYQqXSw=="
  "resolved" "https://registry.npmjs.org/electron-to-chromium/-/electron-to-chromium-1.4.347.tgz"
  "version" "1.4.347"

"emoji-regex@^9.2.2":
  "version" "9.2.2"

"enhanced-resolve@^5.12.0":
  "version" "5.12.0"
  dependencies:
    "graceful-fs" "^4.2.4"
    "tapable" "^2.2.0"

"es-abstract@^1.19.0", "es-abstract@^1.20.4":
  "version" "1.21.2"
  dependencies:
    "array-buffer-byte-length" "^1.0.0"
    "available-typed-arrays" "^1.0.5"
    "call-bind" "^1.0.2"
    "es-set-tostringtag" "^2.0.1"
    "es-to-primitive" "^1.2.1"
    "function.prototype.name" "^1.1.5"
    "get-intrinsic" "^1.2.0"
    "get-symbol-description" "^1.0.0"
    "globalthis" "^1.0.3"
    "gopd" "^1.0.1"
    "has" "^1.0.3"
    "has-property-descriptors" "^1.0.0"
    "has-proto" "^1.0.1"
    "has-symbols" "^1.0.3"
    "internal-slot" "^1.0.5"
    "is-array-buffer" "^3.0.2"
    "is-callable" "^1.2.7"
    "is-negative-zero" "^2.0.2"
    "is-regex" "^1.1.4"
    "is-shared-array-buffer" "^1.0.2"
    "is-string" "^1.0.7"
    "is-typed-array" "^1.1.10"
    "is-weakref" "^1.0.2"
    "object-inspect" "^1.12.3"
    "object-keys" "^1.1.1"
    "object.assign" "^4.1.4"
    "regexp.prototype.flags" "^1.4.3"
    "safe-regex-test" "^1.0.0"
    "string.prototype.trim" "^1.2.7"
    "string.prototype.trimend" "^1.0.6"
    "string.prototype.trimstart" "^1.0.6"
    "typed-array-length" "^1.0.4"
    "unbox-primitive" "^1.0.2"
    "which-typed-array" "^1.1.9"

"es-get-iterator@^1.1.2":
  "version" "1.1.3"
  dependencies:
    "call-bind" "^1.0.2"
    "get-intrinsic" "^1.1.3"
    "has-symbols" "^1.0.3"
    "is-arguments" "^1.1.1"
    "is-map" "^2.0.2"
    "is-set" "^2.0.2"
    "is-string" "^1.0.7"
    "isarray" "^2.0.5"
    "stop-iteration-iterator" "^1.0.0"

"es-set-tostringtag@^2.0.1":
  "version" "2.0.1"
  dependencies:
    "get-intrinsic" "^1.1.3"
    "has" "^1.0.3"
    "has-tostringtag" "^1.0.0"

"es-shim-unscopables@^1.0.0":
  "version" "1.0.0"
  dependencies:
    "has" "^1.0.3"

"es-to-primitive@^1.2.1":
  "version" "1.2.1"
  dependencies:
    "is-callable" "^1.1.4"
    "is-date-object" "^1.0.1"
    "is-symbol" "^1.0.2"

"escalade@^3.1.1":
  "integrity" "sha512-k0er2gUkLf8O0zKJiAhmkTnJlTvINGv7ygDNPbeIsX/TJjGJZHuh9B2UxbsaEkmlEo9MfhrSzmhIlhRlI2GXnw=="
  "resolved" "https://registry.npmjs.org/escalade/-/escalade-3.1.1.tgz"
  "version" "3.1.1"

"escape-string-regexp@^4.0.0":
  "version" "4.0.0"

"eslint-config-next@13.2.4":
  "version" "13.2.4"
  dependencies:
    "@next/eslint-plugin-next" "13.2.4"
    "@rushstack/eslint-patch" "^1.1.3"
    "@typescript-eslint/parser" "^5.42.0"
    "eslint-import-resolver-node" "^0.3.6"
    "eslint-import-resolver-typescript" "^3.5.2"
    "eslint-plugin-import" "^2.26.0"
    "eslint-plugin-jsx-a11y" "^6.5.1"
    "eslint-plugin-react" "^7.31.7"
    "eslint-plugin-react-hooks" "^4.5.0"

"eslint-import-resolver-node@^0.3.6", "eslint-import-resolver-node@^0.3.7":
  "version" "0.3.7"
  dependencies:
    "debug" "^3.2.7"
    "is-core-module" "^2.11.0"
    "resolve" "^1.22.1"

"eslint-import-resolver-typescript@^3.5.2":
  "version" "3.5.4"
  dependencies:
    "debug" "^4.3.4"
    "enhanced-resolve" "^5.12.0"
    "get-tsconfig" "^4.5.0"
    "globby" "^13.1.3"
    "is-core-module" "^2.11.0"
    "is-glob" "^4.0.3"
    "synckit" "^0.8.5"

"eslint-module-utils@^2.7.4":
  "version" "2.7.4"
  dependencies:
    "debug" "^3.2.7"

"eslint-plugin-import@*", "eslint-plugin-import@^2.26.0":
  "version" "2.27.5"
  dependencies:
    "array-includes" "^3.1.6"
    "array.prototype.flat" "^1.3.1"
    "array.prototype.flatmap" "^1.3.1"
    "debug" "^3.2.7"
    "doctrine" "^2.1.0"
    "eslint-import-resolver-node" "^0.3.7"
    "eslint-module-utils" "^2.7.4"
    "has" "^1.0.3"
    "is-core-module" "^2.11.0"
    "is-glob" "^4.0.3"
    "minimatch" "^3.1.2"
    "object.values" "^1.1.6"
    "resolve" "^1.22.1"
    "semver" "^6.3.0"
    "tsconfig-paths" "^3.14.1"

"eslint-plugin-jsx-a11y@^6.5.1":
  "version" "6.7.1"
  dependencies:
    "@babel/runtime" "^7.20.7"
    "aria-query" "^5.1.3"
    "array-includes" "^3.1.6"
    "array.prototype.flatmap" "^1.3.1"
    "ast-types-flow" "^0.0.7"
    "axe-core" "^4.6.2"
    "axobject-query" "^3.1.1"
    "damerau-levenshtein" "^1.0.8"
    "emoji-regex" "^9.2.2"
    "has" "^1.0.3"
    "jsx-ast-utils" "^3.3.3"
    "language-tags" "=1.0.5"
    "minimatch" "^3.1.2"
    "object.entries" "^1.1.6"
    "object.fromentries" "^2.0.6"
    "semver" "^6.3.0"

"eslint-plugin-react-hooks@^4.5.0":
  "version" "4.6.0"

"eslint-plugin-react@^7.31.7":
  "version" "7.32.2"
  dependencies:
    "array-includes" "^3.1.6"
    "array.prototype.flatmap" "^1.3.1"
    "array.prototype.tosorted" "^1.1.1"
    "doctrine" "^2.1.0"
    "estraverse" "^5.3.0"
    "jsx-ast-utils" "^2.4.1 || ^3.0.0"
    "minimatch" "^3.1.2"
    "object.entries" "^1.1.6"
    "object.fromentries" "^2.0.6"
    "object.hasown" "^1.1.2"
    "object.values" "^1.1.6"
    "prop-types" "^15.8.1"
    "resolve" "^2.0.0-next.4"
    "semver" "^6.3.0"
    "string.prototype.matchall" "^4.0.8"

"eslint-scope@^7.1.1":
  "version" "7.1.1"
  dependencies:
    "esrecurse" "^4.3.0"
    "estraverse" "^5.2.0"

"eslint-visitor-keys@^3.3.0", "eslint-visitor-keys@^3.4.0":
  "version" "3.4.0"

"eslint@*", "eslint@^2 || ^3 || ^4 || ^5 || ^6 || ^7.2.0 || ^8", "eslint@^3 || ^4 || ^5 || ^6 || ^7 || ^8", "eslint@^3.0.0 || ^4.0.0 || ^5.0.0 || ^6.0.0 || ^7.0.0 || ^8.0.0-0", "eslint@^6.0.0 || ^7.0.0 || ^8.0.0", "eslint@^6.0.0 || ^7.0.0 || >=8.0.0", "eslint@^7.23.0 || ^8.0.0", "eslint@8.37.0":
  "version" "8.37.0"
  dependencies:
    "@eslint-community/eslint-utils" "^4.2.0"
    "@eslint-community/regexpp" "^4.4.0"
    "@eslint/eslintrc" "^2.0.2"
    "@eslint/js" "8.37.0"
    "@humanwhocodes/config-array" "^0.11.8"
    "@humanwhocodes/module-importer" "^1.0.1"
    "@nodelib/fs.walk" "^1.2.8"
    "ajv" "^6.10.0"
    "chalk" "^4.0.0"
    "cross-spawn" "^7.0.2"
    "debug" "^4.3.2"
    "doctrine" "^3.0.0"
    "escape-string-regexp" "^4.0.0"
    "eslint-scope" "^7.1.1"
    "eslint-visitor-keys" "^3.4.0"
    "espree" "^9.5.1"
    "esquery" "^1.4.2"
    "esutils" "^2.0.2"
    "fast-deep-equal" "^3.1.3"
    "file-entry-cache" "^6.0.1"
    "find-up" "^5.0.0"
    "glob-parent" "^6.0.2"
    "globals" "^13.19.0"
    "grapheme-splitter" "^1.0.4"
    "ignore" "^5.2.0"
    "import-fresh" "^3.0.0"
    "imurmurhash" "^0.1.4"
    "is-glob" "^4.0.0"
    "is-path-inside" "^3.0.3"
    "js-sdsl" "^4.1.4"
    "js-yaml" "^4.1.0"
    "json-stable-stringify-without-jsonify" "^1.0.1"
    "levn" "^0.4.1"
    "lodash.merge" "^4.6.2"
    "minimatch" "^3.1.2"
    "natural-compare" "^1.4.0"
    "optionator" "^0.9.1"
    "strip-ansi" "^6.0.1"
    "strip-json-comments" "^3.1.0"
    "text-table" "^0.2.0"

"espree@^9.5.1":
  "version" "9.5.1"
  dependencies:
    "acorn" "^8.8.0"
    "acorn-jsx" "^5.3.2"
    "eslint-visitor-keys" "^3.4.0"

"esquery@^1.4.2":
  "version" "1.5.0"
  dependencies:
    "estraverse" "^5.1.0"

"esrecurse@^4.3.0":
  "version" "4.3.0"
  dependencies:
    "estraverse" "^5.2.0"

"estraverse@^5.1.0", "estraverse@^5.2.0", "estraverse@^5.3.0":
  "version" "5.3.0"

"esutils@^2.0.2":
  "version" "2.0.3"

"fast-deep-equal@^3.1.1", "fast-deep-equal@^3.1.3":
  "version" "3.1.3"

"fast-glob@^3.2.11", "fast-glob@^3.2.12", "fast-glob@^3.2.9":
  "version" "3.2.12"
  dependencies:
    "@nodelib/fs.stat" "^2.0.2"
    "@nodelib/fs.walk" "^1.2.3"
    "glob-parent" "^5.1.2"
    "merge2" "^1.3.0"
    "micromatch" "^4.0.4"

"fast-json-stable-stringify@^2.0.0":
  "version" "2.1.0"

"fast-levenshtein@^2.0.6":
  "version" "2.0.6"

"fastq@^1.6.0":
  "version" "1.15.0"
  dependencies:
    "reusify" "^1.0.4"

"file-entry-cache@^6.0.1":
  "version" "6.0.1"
  dependencies:
    "flat-cache" "^3.0.4"

"fill-range@^7.0.1":
  "version" "7.0.1"
  dependencies:
    "to-regex-range" "^5.0.1"

"find-up@^5.0.0":
  "version" "5.0.0"
  dependencies:
    "locate-path" "^6.0.0"
    "path-exists" "^4.0.0"

"flat-cache@^3.0.4":
  "version" "3.0.4"
  dependencies:
    "flatted" "^3.1.0"
    "rimraf" "^3.0.2"

"flatted@^3.1.0":
  "version" "3.2.7"

"for-each@^0.3.3":
  "version" "0.3.3"
  dependencies:
    "is-callable" "^1.1.3"

"fraction.js@^4.2.0":
  "integrity" "sha512-MhLuK+2gUcnZe8ZHlaaINnQLl0xRIGRfcGk2yl8xoQAfHrSsL3rYu6FCmBdkdbhc9EPlwyGHewaRsvwRMJtAlA=="
  "resolved" "https://registry.npmjs.org/fraction.js/-/fraction.js-4.2.0.tgz"
  "version" "4.2.0"

"fs.realpath@^1.0.0":
  "version" "1.0.0"

"fsevents@~2.3.2":
  "integrity" "sha512-xiqMQR4xAeHTuB9uWm+fFRcIOgKBMiOBP+eXiyT7jsgVCq1bkVygt00oASowB7EdtpOHaaPgKt812P9ab+DDKA=="
  "resolved" "https://registry.npmjs.org/fsevents/-/fsevents-2.3.2.tgz"
  "version" "2.3.2"

"function-bind@^1.1.1":
  "version" "1.1.1"

"function.prototype.name@^1.1.5":
  "version" "1.1.5"
  dependencies:
    "call-bind" "^1.0.2"
    "define-properties" "^1.1.3"
    "es-abstract" "^1.19.0"
    "functions-have-names" "^1.2.2"

"functions-have-names@^1.2.2":
  "version" "1.2.3"

"get-intrinsic@^1.0.2", "get-intrinsic@^1.1.1", "get-intrinsic@^1.1.3", "get-intrinsic@^1.2.0":
  "version" "1.2.0"
  dependencies:
    "function-bind" "^1.1.1"
    "has" "^1.0.3"
    "has-symbols" "^1.0.3"

"get-symbol-description@^1.0.0":
  "version" "1.0.0"
  dependencies:
    "call-bind" "^1.0.2"
    "get-intrinsic" "^1.1.1"

"get-tsconfig@^4.5.0":
  "version" "4.5.0"

"glob-parent@^5.1.2":
  "version" "5.1.2"
  dependencies:
    "is-glob" "^4.0.1"

"glob-parent@^6.0.2":
  "version" "6.0.2"
  dependencies:
    "is-glob" "^4.0.3"

"glob-parent@~5.1.2":
  "integrity" "sha512-AOIgSQCepiJYwP3ARnGx+5VnTu2HBYdzbGP45eLw1vr3zB3vZLeyed1sC9hnbcOc9/SrMyM5RPQrkGz4aS9Zow=="
  "resolved" "https://registry.npmjs.org/glob-parent/-/glob-parent-5.1.2.tgz"
  "version" "5.1.2"
  dependencies:
    "is-glob" "^4.0.1"

"glob@^7.1.3":
  "version" "7.2.3"
  dependencies:
    "fs.realpath" "^1.0.0"
    "inflight" "^1.0.4"
    "inherits" "2"
    "minimatch" "^3.1.1"
    "once" "^1.3.0"
    "path-is-absolute" "^1.0.0"

"glob@7.1.6":
  "integrity" "sha512-LwaxwyZ72Lk7vZINtNNrywX0ZuLyStrdDtabefZKAY5ZGJhVtgdznluResxNmPitE0SAO+O26sWTHeKSI2wMBA=="
  "resolved" "https://registry.npmjs.org/glob/-/glob-7.1.6.tgz"
  "version" "7.1.6"
  dependencies:
    "fs.realpath" "^1.0.0"
    "inflight" "^1.0.4"
    "inherits" "2"
    "minimatch" "^3.0.4"
    "once" "^1.3.0"
    "path-is-absolute" "^1.0.0"

"glob@7.1.7":
  "version" "7.1.7"
  dependencies:
    "fs.realpath" "^1.0.0"
    "inflight" "^1.0.4"
    "inherits" "2"
    "minimatch" "^3.0.4"
    "once" "^1.3.0"
    "path-is-absolute" "^1.0.0"

"globals@^13.19.0":
  "version" "13.20.0"
  dependencies:
    "type-fest" "^0.20.2"

"globalthis@^1.0.3":
  "version" "1.0.3"
  dependencies:
    "define-properties" "^1.1.3"

"globalyzer@0.1.0":
  "version" "0.1.0"

"globby@^11.1.0":
  "version" "11.1.0"
  dependencies:
    "array-union" "^2.1.0"
    "dir-glob" "^3.0.1"
    "fast-glob" "^3.2.9"
    "ignore" "^5.2.0"
    "merge2" "^1.4.1"
    "slash" "^3.0.0"

"globby@^13.1.3":
  "version" "13.1.3"
  dependencies:
    "dir-glob" "^3.0.1"
    "fast-glob" "^3.2.11"
    "ignore" "^5.2.0"
    "merge2" "^1.4.1"
    "slash" "^4.0.0"

"globrex@^0.1.2":
  "version" "0.1.2"

"gopd@^1.0.1":
  "version" "1.0.1"
  dependencies:
    "get-intrinsic" "^1.1.3"

"graceful-fs@^4.2.4":
  "version" "4.2.11"

"grapheme-splitter@^1.0.4":
  "version" "1.0.4"

"has-bigints@^1.0.1", "has-bigints@^1.0.2":
  "version" "1.0.2"

"has-flag@^4.0.0":
  "version" "4.0.0"

"has-property-descriptors@^1.0.0":
  "version" "1.0.0"
  dependencies:
    "get-intrinsic" "^1.1.1"

"has-proto@^1.0.1":
  "version" "1.0.1"

"has-symbols@^1.0.2", "has-symbols@^1.0.3":
  "version" "1.0.3"

"has-tostringtag@^1.0.0":
  "version" "1.0.0"
  dependencies:
    "has-symbols" "^1.0.2"

"has@^1.0.3":
  "version" "1.0.3"
  dependencies:
    "function-bind" "^1.1.1"

"ignore@^5.2.0":
  "version" "5.2.4"

"import-fresh@^3.0.0", "import-fresh@^3.2.1":
  "version" "3.3.0"
  dependencies:
    "parent-module" "^1.0.0"
    "resolve-from" "^4.0.0"

"imurmurhash@^0.1.4":
  "version" "0.1.4"

"inflight@^1.0.4":
  "version" "1.0.6"
  dependencies:
    "once" "^1.3.0"
    "wrappy" "1"

"inherits@2":
  "version" "2.0.4"

"internal-slot@^1.0.3", "internal-slot@^1.0.4", "internal-slot@^1.0.5":
  "version" "1.0.5"
  dependencies:
    "get-intrinsic" "^1.2.0"
    "has" "^1.0.3"
    "side-channel" "^1.0.4"

"is-arguments@^1.1.1":
  "version" "1.1.1"
  dependencies:
    "call-bind" "^1.0.2"
    "has-tostringtag" "^1.0.0"

"is-array-buffer@^3.0.1", "is-array-buffer@^3.0.2":
  "version" "3.0.2"
  dependencies:
    "call-bind" "^1.0.2"
    "get-intrinsic" "^1.2.0"
    "is-typed-array" "^1.1.10"

"is-bigint@^1.0.1":
  "version" "1.0.4"
  dependencies:
    "has-bigints" "^1.0.1"

"is-binary-path@~2.1.0":
  "integrity" "sha512-ZMERYes6pDydyuGidse7OsHxtbI7WVeUEozgR/g7rd0xUimYNlvZRE/K2MgZTjWy725IfelLeVcEM97mmtRGXw=="
  "resolved" "https://registry.npmjs.org/is-binary-path/-/is-binary-path-2.1.0.tgz"
  "version" "2.1.0"
  dependencies:
    "binary-extensions" "^2.0.0"

"is-boolean-object@^1.1.0":
  "version" "1.1.2"
  dependencies:
    "call-bind" "^1.0.2"
    "has-tostringtag" "^1.0.0"

"is-callable@^1.1.3", "is-callable@^1.1.4", "is-callable@^1.2.7":
  "version" "1.2.7"

"is-core-module@^2.11.0", "is-core-module@^2.9.0":
  "version" "2.11.0"
  dependencies:
    "has" "^1.0.3"

"is-date-object@^1.0.1", "is-date-object@^1.0.5":
  "version" "1.0.5"
  dependencies:
    "has-tostringtag" "^1.0.0"

"is-docker@^2.0.0", "is-docker@^2.1.1":
  "version" "2.2.1"

"is-extglob@^2.1.1":
  "version" "2.1.1"

"is-glob@^4.0.0", "is-glob@^4.0.1", "is-glob@^4.0.3", "is-glob@~4.0.1":
  "version" "4.0.3"
  dependencies:
    "is-extglob" "^2.1.1"

"is-map@^2.0.1", "is-map@^2.0.2":
  "version" "2.0.2"

"is-negative-zero@^2.0.2":
  "version" "2.0.2"

"is-number-object@^1.0.4":
  "version" "1.0.7"
  dependencies:
    "has-tostringtag" "^1.0.0"

"is-number@^7.0.0":
  "version" "7.0.0"

"is-path-inside@^3.0.3":
  "version" "3.0.3"

"is-regex@^1.1.4":
  "version" "1.1.4"
  dependencies:
    "call-bind" "^1.0.2"
    "has-tostringtag" "^1.0.0"

"is-set@^2.0.1", "is-set@^2.0.2":
  "version" "2.0.2"

"is-shared-array-buffer@^1.0.2":
  "version" "1.0.2"
  dependencies:
    "call-bind" "^1.0.2"

"is-string@^1.0.5", "is-string@^1.0.7":
  "version" "1.0.7"
  dependencies:
    "has-tostringtag" "^1.0.0"

"is-symbol@^1.0.2", "is-symbol@^1.0.3":
  "version" "1.0.4"
  dependencies:
    "has-symbols" "^1.0.2"

"is-typed-array@^1.1.10", "is-typed-array@^1.1.9":
  "version" "1.1.10"
  dependencies:
    "available-typed-arrays" "^1.0.5"
    "call-bind" "^1.0.2"
    "for-each" "^0.3.3"
    "gopd" "^1.0.1"
    "has-tostringtag" "^1.0.0"

"is-weakmap@^2.0.1":
  "version" "2.0.1"

"is-weakref@^1.0.2":
  "version" "1.0.2"
  dependencies:
    "call-bind" "^1.0.2"

"is-weakset@^2.0.1":
  "version" "2.0.2"
  dependencies:
    "call-bind" "^1.0.2"
    "get-intrinsic" "^1.1.1"

"is-wsl@^2.2.0":
  "version" "2.2.0"
  dependencies:
    "is-docker" "^2.0.0"

"isarray@^2.0.5":
  "version" "2.0.5"

"isexe@^2.0.0":
  "version" "2.0.0"

"jiti@^1.17.2":
  "integrity" "sha512-QAdOptna2NYiSSpv0O/BwoHBSmz4YhpzJHyi+fnMRTXFjp7B8i/YG5Z8IfusxB1ufjcD2Sre1F3R+nX3fvy7gg=="
  "resolved" "https://registry.npmjs.org/jiti/-/jiti-1.18.2.tgz"
  "version" "1.18.2"

"js-sdsl@^4.1.4":
  "version" "4.4.0"

"js-tokens@^3.0.0 || ^4.0.0":
  "version" "4.0.0"

"js-yaml@^4.1.0":
  "version" "4.1.0"
  dependencies:
    "argparse" "^2.0.1"

"json-schema-traverse@^0.4.1":
  "version" "0.4.1"

"json-stable-stringify-without-jsonify@^1.0.1":
  "version" "1.0.1"

"json5@^1.0.2":
  "version" "1.0.2"
  dependencies:
    "minimist" "^1.2.0"

"jsx-ast-utils@^2.4.1 || ^3.0.0", "jsx-ast-utils@^3.3.3":
  "version" "3.3.3"
  dependencies:
    "array-includes" "^3.1.5"
    "object.assign" "^4.1.3"

"language-subtag-registry@~0.3.2":
  "version" "0.3.22"

"language-tags@=1.0.5":
  "version" "1.0.5"
  dependencies:
    "language-subtag-registry" "~0.3.2"

"levn@^0.4.1":
  "version" "0.4.1"
  dependencies:
    "prelude-ls" "^1.2.1"
    "type-check" "~0.4.0"

"lilconfig@^2.0.5", "lilconfig@^2.0.6":
  "integrity" "sha512-utWOt/GHzuUxnLKxB6dk81RoOeoNeHgbrXiuGk4yyF5qlRz+iIVWu56E2fqGHFrXz0QNUhLB/8nKqvRH66JKGQ=="
  "resolved" "https://registry.npmjs.org/lilconfig/-/lilconfig-2.1.0.tgz"
  "version" "2.1.0"

"lines-and-columns@^1.1.6":
  "integrity" "sha512-7ylylesZQ/PV29jhEDl3Ufjo6ZX7gCqJr5F7PKrqc93v7fzSymt1BpwEU8nAUXs8qzzvqhbjhK5QZg6Mt/HkBg=="
  "resolved" "https://registry.npmjs.org/lines-and-columns/-/lines-and-columns-1.2.4.tgz"
  "version" "1.2.4"

"locate-path@^6.0.0":
  "version" "6.0.0"
  dependencies:
    "p-locate" "^5.0.0"

"lodash.merge@^4.6.2":
  "version" "4.6.2"

"loose-envify@^1.1.0", "loose-envify@^1.4.0":
  "version" "1.4.0"
  dependencies:
    "js-tokens" "^3.0.0 || ^4.0.0"

"lru-cache@^6.0.0":
  "version" "6.0.0"
  dependencies:
    "yallist" "^4.0.0"

"merge2@^1.3.0", "merge2@^1.4.1":
  "version" "1.4.1"

"micromatch@^4.0.4", "micromatch@^4.0.5":
  "version" "4.0.5"
  dependencies:
    "braces" "^3.0.2"
    "picomatch" "^2.3.1"

"minimatch@^3.0.4", "minimatch@^3.0.5", "minimatch@^3.1.1", "minimatch@^3.1.2":
  "version" "3.1.2"
  dependencies:
    "brace-expansion" "^1.1.7"

"minimist@^1.2.0", "minimist@^1.2.6":
  "version" "1.2.8"

"ms@^2.1.1":
  "version" "2.1.3"

"ms@2.1.2":
  "version" "2.1.2"

"mz@^2.7.0":
  "integrity" "sha512-z81GNO7nnYMEhrGh9LeymoE4+Yr0Wn5McHIZMK5cfQCl+NDX08sCZgUc9/6MHni9IWuFLm1Z3HTCXu2z9fN62Q=="
  "resolved" "https://registry.npmjs.org/mz/-/mz-2.7.0.tgz"
  "version" "2.7.0"
  dependencies:
    "any-promise" "^1.0.0"
    "object-assign" "^4.0.1"
    "thenify-all" "^1.0.0"

"nanoid@^3.3.4":
  "version" "3.3.6"

"natural-compare@^1.4.0":
  "version" "1.4.0"

"next@13.2.4":
  "version" "13.2.4"
  dependencies:
    "@next/env" "13.2.4"
    "@swc/helpers" "0.4.14"
    "caniuse-lite" "^1.0.30001406"
    "postcss" "8.4.14"
    "styled-jsx" "5.1.1"
  optionalDependencies:
    "@next/swc-android-arm-eabi" "13.2.4"
    "@next/swc-android-arm64" "13.2.4"
    "@next/swc-darwin-arm64" "13.2.4"
    "@next/swc-darwin-x64" "13.2.4"
    "@next/swc-freebsd-x64" "13.2.4"
    "@next/swc-linux-arm-gnueabihf" "13.2.4"
    "@next/swc-linux-arm64-gnu" "13.2.4"
    "@next/swc-linux-arm64-musl" "13.2.4"
    "@next/swc-linux-x64-gnu" "13.2.4"
    "@next/swc-linux-x64-musl" "13.2.4"
    "@next/swc-win32-arm64-msvc" "13.2.4"
    "@next/swc-win32-ia32-msvc" "13.2.4"
    "@next/swc-win32-x64-msvc" "13.2.4"

"node-releases@^2.0.8":
  "integrity" "sha512-5GFldHPXVG/YZmFzJvKK2zDSzPKhEp0+ZR5SVaoSag9fsL5YgHbUHDfnG5494ISANDcK4KwPXAx2xqVEydmd7w=="
  "resolved" "https://registry.npmjs.org/node-releases/-/node-releases-2.0.10.tgz"
  "version" "2.0.10"

"normalize-path@^3.0.0", "normalize-path@~3.0.0":
  "integrity" "sha512-6eZs5Ls3WtCisHWp9S2GUy8dqkpGi4BVSz3GaqiE6ezub0512ESztXUwUB6C6IKbQkY2Pnb/mD4WYojCRwcwLA=="
  "resolved" "https://registry.npmjs.org/normalize-path/-/normalize-path-3.0.0.tgz"
  "version" "3.0.0"

"normalize-range@^0.1.2":
  "integrity" "sha512-bdok/XvKII3nUpklnV6P2hxtMNrCboOjAcyBuQnWEhO665FwrSNRxU+AqpsyvO6LgGYPspN+lu5CLtw4jPRKNA=="
  "resolved" "https://registry.npmjs.org/normalize-range/-/normalize-range-0.1.2.tgz"
  "version" "0.1.2"

"object-assign@^4.0.1", "object-assign@^4.1.1":
  "version" "4.1.1"

"object-hash@^3.0.0":
  "integrity" "sha512-RSn9F68PjH9HqtltsSnqYC1XXoWe9Bju5+213R98cNGttag9q9yAOTzdbsqvIa7aNm5WffBZFpWYr2aWrklWAw=="
  "resolved" "https://registry.npmjs.org/object-hash/-/object-hash-3.0.0.tgz"
  "version" "3.0.0"

"object-inspect@^1.12.3", "object-inspect@^1.9.0":
  "version" "1.12.3"

"object-is@^1.1.5":
  "version" "1.1.5"
  dependencies:
    "call-bind" "^1.0.2"
    "define-properties" "^1.1.3"

"object-keys@^1.1.1":
  "version" "1.1.1"

"object.assign@^4.1.3", "object.assign@^4.1.4":
  "version" "4.1.4"
  dependencies:
    "call-bind" "^1.0.2"
    "define-properties" "^1.1.4"
    "has-symbols" "^1.0.3"
    "object-keys" "^1.1.1"

"object.entries@^1.1.6":
  "version" "1.1.6"
  dependencies:
    "call-bind" "^1.0.2"
    "define-properties" "^1.1.4"
    "es-abstract" "^1.20.4"

"object.fromentries@^2.0.6":
  "version" "2.0.6"
  dependencies:
    "call-bind" "^1.0.2"
    "define-properties" "^1.1.4"
    "es-abstract" "^1.20.4"

"object.hasown@^1.1.2":
  "version" "1.1.2"
  dependencies:
    "define-properties" "^1.1.4"
    "es-abstract" "^1.20.4"

"object.values@^1.1.6":
  "version" "1.1.6"
  dependencies:
    "call-bind" "^1.0.2"
    "define-properties" "^1.1.4"
    "es-abstract" "^1.20.4"

"once@^1.3.0":
  "version" "1.4.0"
  dependencies:
    "wrappy" "1"

"open@^8.4.0":
  "version" "8.4.2"
  dependencies:
    "define-lazy-prop" "^2.0.0"
    "is-docker" "^2.1.1"
    "is-wsl" "^2.2.0"

"optionator@^0.9.1":
  "version" "0.9.1"
  dependencies:
    "deep-is" "^0.1.3"
    "fast-levenshtein" "^2.0.6"
    "levn" "^0.4.1"
    "prelude-ls" "^1.2.1"
    "type-check" "^0.4.0"
    "word-wrap" "^1.2.3"

"p-limit@^3.0.2":
  "version" "3.1.0"
  dependencies:
    "yocto-queue" "^0.1.0"

"p-locate@^5.0.0":
  "version" "5.0.0"
  dependencies:
    "p-limit" "^3.0.2"

"parent-module@^1.0.0":
  "version" "1.0.1"
  dependencies:
    "callsites" "^3.0.0"

"path-exists@^4.0.0":
  "version" "4.0.0"

"path-is-absolute@^1.0.0":
  "version" "1.0.1"

"path-key@^3.1.0":
  "version" "3.1.1"

"path-parse@^1.0.7":
  "version" "1.0.7"

"path-type@^4.0.0":
  "version" "4.0.0"

"picocolors@^1.0.0":
  "version" "1.0.0"

"picomatch@^2.0.4", "picomatch@^2.2.1", "picomatch@^2.3.1":
  "version" "2.3.1"

"pify@^2.3.0":
  "integrity" "sha512-udgsAY+fTnvv7kI7aaxbqwWNb0AHiB0qBO89PZKPkoTmGOgdbrHDKD+0B2X4uTfJ/FT1R09r9gTsjUjNJotuog=="
  "resolved" "https://registry.npmjs.org/pify/-/pify-2.3.0.tgz"
  "version" "2.3.0"

"pirates@^4.0.1":
  "integrity" "sha512-8V9+HQPupnaXMA23c5hvl69zXvTwTzyAYasnkb0Tts4XvO4CliqONMOnvlq26rkhLC3nWDFBJf73LU1e1VZLaQ=="
  "resolved" "https://registry.npmjs.org/pirates/-/pirates-4.0.5.tgz"
  "version" "4.0.5"

"postcss-import@^14.1.0":
  "integrity" "sha512-flwI+Vgm4SElObFVPpTIT7SU7R3qk2L7PyduMcokiaVKuWv9d/U+Gm/QAd8NDLuykTWTkcrjOeD2Pp1rMeBTGw=="
  "resolved" "https://registry.npmjs.org/postcss-import/-/postcss-import-14.1.0.tgz"
  "version" "14.1.0"
  dependencies:
    "postcss-value-parser" "^4.0.0"
    "read-cache" "^1.0.0"
    "resolve" "^1.1.7"

"postcss-js@^4.0.0":
  "integrity" "sha512-dDLF8pEO191hJMtlHFPRa8xsizHaM82MLfNkUHdUtVEV3tgTp5oj+8qbEqYM57SLfc74KSbw//4SeJma2LRVIw=="
  "resolved" "https://registry.npmjs.org/postcss-js/-/postcss-js-4.0.1.tgz"
  "version" "4.0.1"
  dependencies:
    "camelcase-css" "^2.0.1"

"postcss-load-config@^3.1.4":
  "integrity" "sha512-6DiM4E7v4coTE4uzA8U//WhtPwyhiim3eyjEMFCnUpzbrkK9wJHgKDT2mR+HbtSrd/NubVaYTOpSpjUl8NQeRg=="
  "resolved" "https://registry.npmjs.org/postcss-load-config/-/postcss-load-config-3.1.4.tgz"
  "version" "3.1.4"
  dependencies:
    "lilconfig" "^2.0.5"
    "yaml" "^1.10.2"

"postcss-nested@6.0.0":
  "integrity" "sha512-0DkamqrPcmkBDsLn+vQDIrtkSbNkv5AD/M322ySo9kqFkCIYklym2xEmWkwo+Y3/qZo34tzEPNUw4y7yMCdv5w=="
  "resolved" "https://registry.npmjs.org/postcss-nested/-/postcss-nested-6.0.0.tgz"
  "version" "6.0.0"
  dependencies:
    "postcss-selector-parser" "^6.0.10"

"postcss-selector-parser@^6.0.10", "postcss-selector-parser@^6.0.11":
  "integrity" "sha512-zbARubNdogI9j7WY4nQJBiNqQf3sLS3wCP4WfOidu+p28LofJqDH1tcXypGrcmMHhDk2t9wGhCsYe/+szLTy1g=="
  "resolved" "https://registry.npmjs.org/postcss-selector-parser/-/postcss-selector-parser-6.0.11.tgz"
  "version" "6.0.11"
  dependencies:
    "cssesc" "^3.0.0"
    "util-deprecate" "^1.0.2"

"postcss-value-parser@^4.0.0", "postcss-value-parser@^4.2.0":
  "integrity" "sha512-1NNCs6uurfkVbeXG4S8JFT9t19m45ICnif8zWLd5oPSZ50QnwMfK+H3jv408d4jw/7Bttv5axS5IiHoLaVNHeQ=="
  "resolved" "https://registry.npmjs.org/postcss-value-parser/-/postcss-value-parser-4.2.0.tgz"
  "version" "4.2.0"

"postcss@^8.0.0", "postcss@^8.0.9", "postcss@^8.1.0", "postcss@^8.2.14", "postcss@^8.4.21", "postcss@>=8.0.9":
  "integrity" "sha512-tP7u/Sn/dVxK2NnruI4H9BG+x+Wxz6oeZ1cJ8P6G/PZY0IKk4k/63TDsQf2kQq3+qoJeLm2kIBUNlZe3zgb4Zg=="
  "resolved" "https://registry.npmjs.org/postcss/-/postcss-8.4.21.tgz"
  "version" "8.4.21"
  dependencies:
    "nanoid" "^3.3.4"
    "picocolors" "^1.0.0"
    "source-map-js" "^1.0.2"

"postcss@8.4.14":
  "integrity" "sha512-E398TUmfAYFPBSdzgeieK2Y1+1cpdxJx8yXbK/m57nRhKSmk1GB2tO4lbLBtlkfPQTDKfe4Xqv1ASWPpayPEig=="
  "resolved" "https://registry.npmjs.org/postcss/-/postcss-8.4.14.tgz"
  "version" "8.4.14"
  dependencies:
    "nanoid" "^3.3.4"
    "picocolors" "^1.0.0"
    "source-map-js" "^1.0.2"

"prelude-ls@^1.2.1":
  "version" "1.2.1"

"prop-types@^15.8.1":
  "version" "15.8.1"
  dependencies:
    "loose-envify" "^1.4.0"
    "object-assign" "^4.1.1"
    "react-is" "^16.13.1"

"punycode@^2.1.0":
  "version" "2.3.0"

"queue-microtask@^1.2.2":
  "version" "1.2.3"

"quick-lru@^5.1.1":
  "integrity" "sha512-WuyALRjWPDGtt/wzJiadO5AXY+8hZ80hVpe6MyivgraREW751X3SbhRvG3eLKOYN+8VEvqLcf3wdnt44Z4S4SA=="
  "resolved" "https://registry.npmjs.org/quick-lru/-/quick-lru-5.1.1.tgz"
  "version" "5.1.1"

"react-dom@^18.2.0", "react-dom@18.2.0":
  "version" "18.2.0"
  dependencies:
    "loose-envify" "^1.1.0"
    "scheduler" "^0.23.0"

"react-is@^16.13.1":
  "version" "16.13.1"

"react@^18.2.0", "react@>= 16.8.0 || 17.x.x || ^18.0.0-0", "react@18.2.0":
  "version" "18.2.0"
  dependencies:
    "loose-envify" "^1.1.0"

"read-cache@^1.0.0":
  "integrity" "sha512-Owdv/Ft7IjOgm/i0xvNDZ1LrRANRfew4b2prF3OWMQLxLfu3bS8FVhCsrSCMK4lR56Y9ya+AThoTpDCTxCmpRA=="
  "resolved" "https://registry.npmjs.org/read-cache/-/read-cache-1.0.0.tgz"
  "version" "1.0.0"
  dependencies:
    "pify" "^2.3.0"

"readdirp@~3.6.0":
  "integrity" "sha512-hOS089on8RduqdbhvQ5Z37A0ESjsqz6qnRcffsMU3495FuTdqSm+7bhJ29JvIOsBDEEnan5DPu9t3To9VRlMzA=="
  "resolved" "https://registry.npmjs.org/readdirp/-/readdirp-3.6.0.tgz"
  "version" "3.6.0"
  dependencies:
    "picomatch" "^2.2.1"

"regenerator-runtime@^0.13.11":
  "version" "0.13.11"

"regexp.prototype.flags@^1.4.3":
  "version" "1.4.3"
  dependencies:
    "call-bind" "^1.0.2"
    "define-properties" "^1.1.3"
    "functions-have-names" "^1.2.2"

"resolve-from@^4.0.0":
  "version" "4.0.0"

"resolve@^1.1.7", "resolve@^1.22.1":
  "version" "1.22.1"
  dependencies:
    "is-core-module" "^2.9.0"
    "path-parse" "^1.0.7"
    "supports-preserve-symlinks-flag" "^1.0.0"

"resolve@^2.0.0-next.4":
  "version" "2.0.0-next.4"
  dependencies:
    "is-core-module" "^2.9.0"
    "path-parse" "^1.0.7"
    "supports-preserve-symlinks-flag" "^1.0.0"

"reusify@^1.0.4":
  "version" "1.0.4"

"rimraf@^3.0.2":
  "version" "3.0.2"
  dependencies:
    "glob" "^7.1.3"

"run-parallel@^1.1.9":
  "version" "1.2.0"
  dependencies:
    "queue-microtask" "^1.2.2"

"safe-regex-test@^1.0.0":
  "version" "1.0.0"
  dependencies:
    "call-bind" "^1.0.2"
    "get-intrinsic" "^1.1.3"
    "is-regex" "^1.1.4"

"scheduler@^0.23.0":
  "version" "0.23.0"
  dependencies:
    "loose-envify" "^1.1.0"

"semver@^6.3.0":
  "version" "6.3.0"

"semver@^7.3.7":
  "version" "7.3.8"
  dependencies:
    "lru-cache" "^6.0.0"

"shebang-command@^2.0.0":
  "version" "2.0.0"
  dependencies:
    "shebang-regex" "^3.0.0"

"shebang-regex@^3.0.0":
  "version" "3.0.0"

"side-channel@^1.0.4":
  "version" "1.0.4"
  dependencies:
    "call-bind" "^1.0.0"
    "get-intrinsic" "^1.0.2"
    "object-inspect" "^1.9.0"

"slash@^3.0.0":
  "version" "3.0.0"

"slash@^4.0.0":
  "version" "4.0.0"

"source-map-js@^1.0.2":
  "version" "1.0.2"

"stop-iteration-iterator@^1.0.0":
  "version" "1.0.0"
  dependencies:
    "internal-slot" "^1.0.4"

"string.prototype.matchall@^4.0.8":
  "version" "4.0.8"
  dependencies:
    "call-bind" "^1.0.2"
    "define-properties" "^1.1.4"
    "es-abstract" "^1.20.4"
    "get-intrinsic" "^1.1.3"
    "has-symbols" "^1.0.3"
    "internal-slot" "^1.0.3"
    "regexp.prototype.flags" "^1.4.3"
    "side-channel" "^1.0.4"

"string.prototype.trim@^1.2.7":
  "version" "1.2.7"
  dependencies:
    "call-bind" "^1.0.2"
    "define-properties" "^1.1.4"
    "es-abstract" "^1.20.4"

"string.prototype.trimend@^1.0.6":
  "version" "1.0.6"
  dependencies:
    "call-bind" "^1.0.2"
    "define-properties" "^1.1.4"
    "es-abstract" "^1.20.4"

"string.prototype.trimstart@^1.0.6":
  "version" "1.0.6"
  dependencies:
    "call-bind" "^1.0.2"
    "define-properties" "^1.1.4"
    "es-abstract" "^1.20.4"

"strip-ansi@^6.0.1":
  "version" "6.0.1"
  dependencies:
    "ansi-regex" "^5.0.1"

"strip-bom@^3.0.0":
  "version" "3.0.0"

"strip-json-comments@^3.1.0", "strip-json-comments@^3.1.1":
  "version" "3.1.1"

"styled-jsx@5.1.1":
  "version" "5.1.1"
  dependencies:
    "client-only" "0.0.1"

"sucrase@^3.29.0":
  "integrity" "sha512-6QsHnkqyVEzYcaiHsOKkzOtOgdJcb8i54x6AV2hDwyZcY9ZyykGZVw6L/YN98xC0evwTP6utsWWrKRaa8QlfEQ=="
  "resolved" "https://registry.npmjs.org/sucrase/-/sucrase-3.31.0.tgz"
  "version" "3.31.0"
  dependencies:
    "commander" "^4.0.0"
    "glob" "7.1.6"
    "lines-and-columns" "^1.1.6"
    "mz" "^2.7.0"
    "pirates" "^4.0.1"
    "ts-interface-checker" "^0.1.9"

"supports-color@^7.1.0":
  "version" "7.2.0"
  dependencies:
    "has-flag" "^4.0.0"

"supports-preserve-symlinks-flag@^1.0.0":
  "version" "1.0.0"

"synckit@^0.8.5":
  "version" "0.8.5"
  dependencies:
    "@pkgr/utils" "^2.3.1"
    "tslib" "^2.5.0"

"tailwindcss@^3.3.1":
  "integrity" "sha512-Vkiouc41d4CEq0ujXl6oiGFQ7bA3WEhUZdTgXAhtKxSy49OmKs8rEfQmupsfF0IGW8fv2iQkp1EVUuapCFrZ9g=="
  "resolved" "https://registry.npmjs.org/tailwindcss/-/tailwindcss-3.3.1.tgz"
  "version" "3.3.1"
  dependencies:
    "arg" "^5.0.2"
    "chokidar" "^3.5.3"
    "color-name" "^1.1.4"
    "didyoumean" "^1.2.2"
    "dlv" "^1.1.3"
    "fast-glob" "^3.2.12"
    "glob-parent" "^6.0.2"
    "is-glob" "^4.0.3"
    "jiti" "^1.17.2"
    "lilconfig" "^2.0.6"
    "micromatch" "^4.0.5"
    "normalize-path" "^3.0.0"
    "object-hash" "^3.0.0"
    "picocolors" "^1.0.0"
    "postcss" "^8.0.9"
    "postcss-import" "^14.1.0"
    "postcss-js" "^4.0.0"
    "postcss-load-config" "^3.1.4"
    "postcss-nested" "6.0.0"
    "postcss-selector-parser" "^6.0.11"
    "postcss-value-parser" "^4.2.0"
    "quick-lru" "^5.1.1"
    "resolve" "^1.22.1"
    "sucrase" "^3.29.0"

"tapable@^2.2.0":
  "version" "2.2.1"

"text-table@^0.2.0":
  "version" "0.2.0"

"thenify-all@^1.0.0":
  "integrity" "sha512-RNxQH/qI8/t3thXJDwcstUO4zeqo64+Uy/+sNVRBx4Xn2OX+OZ9oP+iJnNFqplFra2ZUVeKCSa2oVWi3T4uVmA=="
  "resolved" "https://registry.npmjs.org/thenify-all/-/thenify-all-1.6.0.tgz"
  "version" "1.6.0"
  dependencies:
    "thenify" ">= 3.1.0 < 4"

"thenify@>= 3.1.0 < 4":
  "integrity" "sha512-RVZSIV5IG10Hk3enotrhvz0T9em6cyHBLkH/YAZuKqd8hRkKhSfCGIcP2KUY0EPxndzANBmNllzWPwak+bheSw=="
  "resolved" "https://registry.npmjs.org/thenify/-/thenify-3.3.1.tgz"
  "version" "3.3.1"
  dependencies:
    "any-promise" "^1.0.0"

"tiny-glob@^0.2.9":
  "version" "0.2.9"
  dependencies:
    "globalyzer" "0.1.0"
    "globrex" "^0.1.2"

"to-regex-range@^5.0.1":
  "version" "5.0.1"
  dependencies:
    "is-number" "^7.0.0"

"ts-interface-checker@^0.1.9":
  "integrity" "sha512-Y/arvbn+rrz3JCKl9C4kVNfTfSm2/mEp5FSz5EsZSANGPSlQrpRI5M4PKF+mJnE52jOO90PnPSc3Ur3bTQw0gA=="
  "resolved" "https://registry.npmjs.org/ts-interface-checker/-/ts-interface-checker-0.1.13.tgz"
  "version" "0.1.13"

"tsconfig-paths@^3.14.1":
  "version" "3.14.2"
  dependencies:
    "@types/json5" "^0.0.29"
    "json5" "^1.0.2"
    "minimist" "^1.2.6"
    "strip-bom" "^3.0.0"

"tslib@^1.8.1":
  "version" "1.14.1"

"tslib@^2.4.0", "tslib@^2.5.0":
  "version" "2.5.0"

"tsutils@^3.21.0":
  "version" "3.21.0"
  dependencies:
    "tslib" "^1.8.1"

"type-check@^0.4.0", "type-check@~0.4.0":
  "version" "0.4.0"
  dependencies:
    "prelude-ls" "^1.2.1"

"type-fest@^0.20.2":
  "version" "0.20.2"

"typed-array-length@^1.0.4":
  "version" "1.0.4"
  dependencies:
    "call-bind" "^1.0.2"
    "for-each" "^0.3.3"
    "is-typed-array" "^1.1.9"

"typescript@>=2.8.0 || >= 3.2.0-dev || >= 3.3.0-dev || >= 3.4.0-dev || >= 3.5.0-dev || >= 3.6.0-dev || >= 3.6.0-beta || >= 3.7.0-dev || >= 3.7.0-beta", "typescript@>=3.3.1", "typescript@5.0.3":
  "version" "5.0.3"

"unbox-primitive@^1.0.2":
  "version" "1.0.2"
  dependencies:
    "call-bind" "^1.0.2"
    "has-bigints" "^1.0.2"
    "has-symbols" "^1.0.3"
    "which-boxed-primitive" "^1.0.2"

"update-browserslist-db@^1.0.10":
  "integrity" "sha512-OztqDenkfFkbSG+tRxBeAnCVPckDBcvibKd35yDONx6OU8N7sqgwc7rCbkJ/WcYtVRZ4ba68d6byhC21GFh7sQ=="
  "resolved" "https://registry.npmjs.org/update-browserslist-db/-/update-browserslist-db-1.0.10.tgz"
  "version" "1.0.10"
  dependencies:
    "escalade" "^3.1.1"
    "picocolors" "^1.0.0"

"uri-js@^4.2.2":
  "version" "4.4.1"
  dependencies:
    "punycode" "^2.1.0"

"util-deprecate@^1.0.2":
  "integrity" "sha512-EPD5q1uXyFxJpCrLnCc1nHnq3gOa6DZBocAIiI2TaSCA7VCJ1UJDMagCzIkXNsUYfD1daK//LTEQ8xiIbrHtcw=="
  "resolved" "https://registry.npmjs.org/util-deprecate/-/util-deprecate-1.0.2.tgz"
  "version" "1.0.2"

"which-boxed-primitive@^1.0.2":
  "version" "1.0.2"
  dependencies:
    "is-bigint" "^1.0.1"
    "is-boolean-object" "^1.1.0"
    "is-number-object" "^1.0.4"
    "is-string" "^1.0.5"
    "is-symbol" "^1.0.3"

"which-collection@^1.0.1":
  "version" "1.0.1"
  dependencies:
    "is-map" "^2.0.1"
    "is-set" "^2.0.1"
    "is-weakmap" "^2.0.1"
    "is-weakset" "^2.0.1"

"which-typed-array@^1.1.9":
  "version" "1.1.9"
  dependencies:
    "available-typed-arrays" "^1.0.5"
    "call-bind" "^1.0.2"
    "for-each" "^0.3.3"
    "gopd" "^1.0.1"
    "has-tostringtag" "^1.0.0"
    "is-typed-array" "^1.1.10"

"which@^2.0.1":
  "version" "2.0.2"
  dependencies:
    "isexe" "^2.0.0"

"word-wrap@^1.2.3":
  "version" "1.2.3"

"wrappy@1":
  "version" "1.0.2"

"yallist@^4.0.0":
  "version" "4.0.0"

"yaml@^1.10.2":
  "integrity" "sha512-r3vXyErRCYJ7wg28yvBY5VSoAF8ZvlcW9/BwUzEtUsjvX/DKs24dIkuwjtuprwJJHsbyUbLApepYTR1BN4uHrg=="
  "resolved" "https://registry.npmjs.org/yaml/-/yaml-1.10.2.tgz"
  "version" "1.10.2"

"yocto-queue@^0.1.0":
  "version" "0.1.0"
